
Microsoft Visual Studio Solution File, Format Version 12.00
# Visual Studio Version 17
VisualStudioVersion = 17.11.35222.181
MinimumVisualStudioVersion = 10.0.40219.1
Project("{8BC9CEB8-8B4A-11D0-8D11-00A0C91BC942}") = "1", "1\1.vcxproj", "{F1D2EDAB-449C-4FBC-8AF0-065EE0D0A7E2}"
EndProject
Project("{8BC9CEB8-8B4A-11D0-8D11-00A0C91BC942}") = "2", "2\2.vcxproj", "{01F52020-9300-4249-BF7C-AAD35A12DB1C}"
EndProject
Project("{8BC9CEB8-8B4A-11D0-8D11-00A0C91BC942}") = "3", "3\3.vcxproj", "{32EFA4B2-E7D1-4033-9DCD-CE4F59ACF7D1}"
EndProject
Global
	GlobalSection(SolutionConfigurationPlatforms) = preSolution
		Debug|x64 = Debug|x64
		Debug|x86 = Debug|x86
		Release|x64 = Release|x64
		Release|x86 = Release|x86
	EndGlobalSection
	GlobalSection(ProjectConfigurationPlatforms) = postSolution
		{F1D2EDAB-449C-4FBC-8AF0-065EE0D0A7E2}.Debug|x64.ActiveCfg = Debug|x64
		{F1D2EDAB-449C-4FBC-8AF0-065EE0D0A7E2}.Debug|x64.Build.0 = Debug|x64
		{F1D2EDAB-449C-4FBC-8AF0-065EE0D0A7E2}.Debug|x86.ActiveCfg = Debug|Win32
		{F1D2EDAB-449C-4FBC-8AF0-065EE0D0A7E2}.Debug|x86.Build.0 = Debug|Win32
		{F1D2EDAB-449C-4FBC-8AF0-065EE0D0A7E2}.Release|x64.ActiveCfg = Release|x64
		{F1D2EDAB-449C-4FBC-8AF0-065EE0D0A7E2}.Release|x64.Build.0 = Release|x64
		{F1D2EDAB-449C-4FBC-8AF0-065EE0D0A7E2}.Release|x86.ActiveCfg = Release|Win32
		{F1D2EDAB-449C-4FBC-8AF0-065EE0D0A7E2}.Release|x86.Build.0 = Release|Win32
		{01F52020-9300-4249-BF7C-AAD35A12DB1C}.Debug|x64.ActiveCfg = Debug|x64
		{01F52020-9300-4249-BF7C-AAD35A12DB1C}.Debug|x64.Build.0 = Debug|x64
		{01F52020-9300-4249-BF7C-AAD35A12DB1C}.Debug|x86.ActiveCfg = Debug|Win32
		{01F52020-9300-4249-BF7C-AAD35A12DB1C}.Debug|x86.Build.0 = Debug|Win32
		{01F52020-9300-4249-BF7C-AAD35A12DB1C}.Release|x64.ActiveCfg = Release|x64
		{01F52020-9300-4249-BF7C-AAD35A12DB1C}.Release|x64.Build.0 = Release|x64
		{01F52020-9300-4249-BF7C-AAD35A12DB1C}.Release|x86.ActiveCfg = Release|Win32
		{01F52020-9300-4249-BF7C-AAD35A12DB1C}.Release|x86.Build.0 = Release|Win32
		{32EFA4B2-E7D1-4033-9DCD-CE4F59ACF7D1}.Debug|x64.ActiveCfg = Debug|x64
		{32EFA4B2-E7D1-4033-9DCD-CE4F59ACF7D1}.Debug|x64.Build.0 = Debug|x64
		{32EFA4B2-E7D1-4033-9DCD-CE4F59ACF7D1}.Debug|x86.ActiveCfg = Debug|Win32
		{32EFA4B2-E7D1-4033-9DCD-CE4F59ACF7D1}.Debug|x86.Build.0 = Debug|Win32
		{32EFA4B2-E7D1-4033-9DCD-CE4F59ACF7D1}.Release|x64.ActiveCfg = Release|x64
		{32EFA4B2-E7D1-4033-9DCD-CE4F59ACF7D1}.Release|x64.Build.0 = Release|x64
		{32EFA4B2-E7D1-4033-9DCD-CE4F59ACF7D1}.Release|x86.ActiveCfg = Release|Win32
		{32EFA4B2-E7D1-4033-9DCD-CE4F59ACF7D1}.Release|x86.Build.0 = Release|Win32
	EndGlobalSection
	GlobalSection(SolutionProperties) = preSolution
		HideSolutionNode = FALSE
	EndGlobalSection
	GlobalSection(ExtensibilityGlobals) = postSolution
		SolutionGuid = {7A117553-5F14-4AEC-A89A-C6160321C662}
	EndGlobalSection
EndGlobal
