
Microsoft Visual Studio Solution File, Format Version 12.00
# Visual Studio Version 17
VisualStudioVersion = 17.11.35222.181
MinimumVisualStudioVersion = 10.0.40219.1
Project("{8BC9CEB8-8B4A-11D0-8D11-00A0C91BC942}") = "1", "1\1.vcxproj", "{7DDACB74-2F16-4E30-8B9D-CD827A5BA76C}"
EndProject
Project("{8BC9CEB8-8B4A-11D0-8D11-00A0C91BC942}") = "2", "2\2.vcxproj", "{110CEBB6-992A-4EB1-8FDD-D45B9F47F8ED}"
EndProject
Project("{8BC9CEB8-8B4A-11D0-8D11-00A0C91BC942}") = "3", "3\3.vcxproj", "{3A650177-3A8C-4996-A3FF-E3244DDE9E98}"
EndProject
Global
	GlobalSection(SolutionConfigurationPlatforms) = preSolution
		Debug|x64 = Debug|x64
		Debug|x86 = Debug|x86
		Release|x64 = Release|x64
		Release|x86 = Release|x86
	EndGlobalSection
	GlobalSection(ProjectConfigurationPlatforms) = postSolution
		{7DDACB74-2F16-4E30-8B9D-CD827A5BA76C}.Debug|x64.ActiveCfg = Debug|x64
		{7DDACB74-2F16-4E30-8B9D-CD827A5BA76C}.Debug|x64.Build.0 = Debug|x64
		{7DDACB74-2F16-4E30-8B9D-CD827A5BA76C}.Debug|x86.ActiveCfg = Debug|Win32
		{7DDACB74-2F16-4E30-8B9D-CD827A5BA76C}.Debug|x86.Build.0 = Debug|Win32
		{7DDACB74-2F16-4E30-8B9D-CD827A5BA76C}.Release|x64.ActiveCfg = Release|x64
		{7DDACB74-2F16-4E30-8B9D-CD827A5BA76C}.Release|x64.Build.0 = Release|x64
		{7DDACB74-2F16-4E30-8B9D-CD827A5BA76C}.Release|x86.ActiveCfg = Release|Win32
		{7DDACB74-2F16-4E30-8B9D-CD827A5BA76C}.Release|x86.Build.0 = Release|Win32
		{110CEBB6-992A-4EB1-8FDD-D45B9F47F8ED}.Debug|x64.ActiveCfg = Debug|x64
		{110CEBB6-992A-4EB1-8FDD-D45B9F47F8ED}.Debug|x64.Build.0 = Debug|x64
		{110CEBB6-992A-4EB1-8FDD-D45B9F47F8ED}.Debug|x86.ActiveCfg = Debug|Win32
		{110CEBB6-992A-4EB1-8FDD-D45B9F47F8ED}.Debug|x86.Build.0 = Debug|Win32
		{110CEBB6-992A-4EB1-8FDD-D45B9F47F8ED}.Release|x64.ActiveCfg = Release|x64
		{110CEBB6-992A-4EB1-8FDD-D45B9F47F8ED}.Release|x64.Build.0 = Release|x64
		{110CEBB6-992A-4EB1-8FDD-D45B9F47F8ED}.Release|x86.ActiveCfg = Release|Win32
		{110CEBB6-992A-4EB1-8FDD-D45B9F47F8ED}.Release|x86.Build.0 = Release|Win32
		{3A650177-3A8C-4996-A3FF-E3244DDE9E98}.Debug|x64.ActiveCfg = Debug|x64
		{3A650177-3A8C-4996-A3FF-E3244DDE9E98}.Debug|x64.Build.0 = Debug|x64
		{3A650177-3A8C-4996-A3FF-E3244DDE9E98}.Debug|x86.ActiveCfg = Debug|Win32
		{3A650177-3A8C-4996-A3FF-E3244DDE9E98}.Debug|x86.Build.0 = Debug|Win32
		{3A650177-3A8C-4996-A3FF-E3244DDE9E98}.Release|x64.ActiveCfg = Release|x64
		{3A650177-3A8C-4996-A3FF-E3244DDE9E98}.Release|x64.Build.0 = Release|x64
		{3A650177-3A8C-4996-A3FF-E3244DDE9E98}.Release|x86.ActiveCfg = Release|Win32
		{3A650177-3A8C-4996-A3FF-E3244DDE9E98}.Release|x86.Build.0 = Release|Win32
	EndGlobalSection
	GlobalSection(SolutionProperties) = preSolution
		HideSolutionNode = FALSE
	EndGlobalSection
	GlobalSection(ExtensibilityGlobals) = postSolution
		SolutionGuid = {C7D6F712-9764-4F92-9827-9D2AE1387572}
	EndGlobalSection
EndGlobal
