
Microsoft Visual Studio Solution File, Format Version 12.00
# Visual Studio Version 17
VisualStudioVersion = 17.11.35222.181
MinimumVisualStudioVersion = 10.0.40219.1
Project("{8BC9CEB8-8B4A-11D0-8D11-00A0C91BC942}") = "1", "1\1.vcxproj", "{CCBF8EE8-ED51-48C0-BC34-9F9F23E064A7}"
EndProject
Project("{8BC9CEB8-8B4A-11D0-8D11-00A0C91BC942}") = "2", "2\2.vcxproj", "{7FC3D5FC-07A5-4B9D-9B48-C648AF89BD4E}"
EndProject
Global
	GlobalSection(SolutionConfigurationPlatforms) = preSolution
		Debug|x64 = Debug|x64
		Debug|x86 = Debug|x86
		Release|x64 = Release|x64
		Release|x86 = Release|x86
	EndGlobalSection
	GlobalSection(ProjectConfigurationPlatforms) = postSolution
		{CCBF8EE8-ED51-48C0-BC34-9F9F23E064A7}.Debug|x64.ActiveCfg = Debug|x64
		{CCBF8EE8-ED51-48C0-BC34-9F9F23E064A7}.Debug|x64.Build.0 = Debug|x64
		{CCBF8EE8-ED51-48C0-BC34-9F9F23E064A7}.Debug|x86.ActiveCfg = Debug|Win32
		{CCBF8EE8-ED51-48C0-BC34-9F9F23E064A7}.Debug|x86.Build.0 = Debug|Win32
		{CCBF8EE8-ED51-48C0-BC34-9F9F23E064A7}.Release|x64.ActiveCfg = Release|x64
		{CCBF8EE8-ED51-48C0-BC34-9F9F23E064A7}.Release|x64.Build.0 = Release|x64
		{CCBF8EE8-ED51-48C0-BC34-9F9F23E064A7}.Release|x86.ActiveCfg = Release|Win32
		{CCBF8EE8-ED51-48C0-BC34-9F9F23E064A7}.Release|x86.Build.0 = Release|Win32
		{7FC3D5FC-07A5-4B9D-9B48-C648AF89BD4E}.Debug|x64.ActiveCfg = Debug|x64
		{7FC3D5FC-07A5-4B9D-9B48-C648AF89BD4E}.Debug|x64.Build.0 = Debug|x64
		{7FC3D5FC-07A5-4B9D-9B48-C648AF89BD4E}.Debug|x86.ActiveCfg = Debug|Win32
		{7FC3D5FC-07A5-4B9D-9B48-C648AF89BD4E}.Debug|x86.Build.0 = Debug|Win32
		{7FC3D5FC-07A5-4B9D-9B48-C648AF89BD4E}.Release|x64.ActiveCfg = Release|x64
		{7FC3D5FC-07A5-4B9D-9B48-C648AF89BD4E}.Release|x64.Build.0 = Release|x64
		{7FC3D5FC-07A5-4B9D-9B48-C648AF89BD4E}.Release|x86.ActiveCfg = Release|Win32
		{7FC3D5FC-07A5-4B9D-9B48-C648AF89BD4E}.Release|x86.Build.0 = Release|Win32
	EndGlobalSection
	GlobalSection(SolutionProperties) = preSolution
		HideSolutionNode = FALSE
	EndGlobalSection
	GlobalSection(ExtensibilityGlobals) = postSolution
		SolutionGuid = {DD88DB39-AB48-4281-8ECD-497BE81CAC3B}
	EndGlobalSection
EndGlobal
